#MicroXplorer Configuration settings - do not modify
File.Version=6
KeepUserPlacement=false
Mcu.Family=STM32L1
Mcu.IP0=NVIC
Mcu.IP1=RCC
Mcu.IP2=SYS
Mcu.IP3=USART1
Mcu.IPNb=4
Mcu.Name=STM32L151C(6-8-B)TxA
Mcu.Package=LQFP48
Mcu.Pin0=PA0-WKUP1
Mcu.Pin1=PB1
Mcu.Pin2=PA9
Mcu.Pin3=PA10
Mcu.Pin4=PA13
Mcu.Pin5=PA14
Mcu.Pin6=VP_SYS_VS_Systick
Mcu.PinsNb=7
Mcu.UserConstants=
Mcu.UserName=STM32L151C8TxA
MxCube.Version=4.13.0
MxDb.Version=DB.4.0.130
NVIC.EXTI0_IRQn=true\:0\:0\:false
NVIC.PriorityGroup=NVIC_PRIORITYGROUP_4
NVIC.SysTick_IRQn=true\:0\:0\:false
PA0-WKUP1.GPIOParameters=GPIO_PuPd,GPIO_Label,GPIO_ModeDefaultEXTI
PA0-WKUP1.GPIO_Label=KEY
PA0-WKUP1.GPIO_ModeDefaultEXTI=GPIO_MODE_IT_RISING
PA0-WKUP1.GPIO_PuPd=GPIO_PULLDOWN
PA0-WKUP1.Locked=true
PA0-WKUP1.Signal=GPXTI0
PA10.Mode=Asynchronous
PA10.Signal=USART1_RX
PA13.Mode=Serial-Wire
PA13.Signal=SYS_JTMS-SWDIO
PA14.Mode=Serial-Wire
PA14.Signal=SYS_JTCK-SWCLK
PA9.Mode=Asynchronous
PA9.Signal=USART1_TX
PB1.GPIOParameters=GPIO_PuPd,GPIO_Label
PB1.GPIO_Label=LED
PB1.GPIO_PuPd=GPIO_NOPULL
PB1.Locked=true
PB1.Signal=GPIO_Output
PCC.Checker=true
PCC.Line=STM32L151/152
PCC.MCU=STM32L151C(6-8-B)TxA
PCC.MXVersion=4.13.0
PCC.PartNumber=STM32L151C8TxA
PCC.Seq0=2
PCC.Seq0.Step0.Average_Current=422 \u00B5A
PCC.Seq0.Step0.CPU_Frequency=2.0 MHz
PCC.Seq0.Step0.Category=Datasheet
PCC.Seq0.Step0.DMIPS=2.0625
PCC.Seq0.Step0.Duration=1 ms
PCC.Seq0.Step0.Frequency=2.0 MHz
PCC.Seq0.Step0.Memory=FLASH
PCC.Seq0.Step0.Mode=RUN
PCC.Seq0.Step0.Oscillator=HSEBYP
PCC.Seq0.Step0.Peripherals=GPIOA GPIOB USART1
PCC.Seq0.Step0.TaMax=104.93
PCC.Seq0.Step0.User's_Consumption=0 mA
PCC.Seq0.Step0.Vcore=Range3-Low
PCC.Seq0.Step0.Vdd=3.0
PCC.Seq0.Step0.Voltage_Source=Battery
PCC.Seq0.Step1.Average_Current=29.88 \u00B5A
PCC.Seq0.Step1.CPU_Frequency=65.0 kHz
PCC.Seq0.Step1.Category=Datasheet
PCC.Seq0.Step1.DMIPS=0.06703125
PCC.Seq0.Step1.Duration=1 ms
PCC.Seq0.Step1.Frequency=65.0 kHz
PCC.Seq0.Step1.Memory=FLASH
PCC.Seq0.Step1.Mode=LOWPOWER_RUN
PCC.Seq0.Step1.Oscillator=MSI
PCC.Seq0.Step1.Peripherals=GPIOA GPIOB USART1
PCC.Seq0.Step1.TaMax=105
PCC.Seq0.Step1.User's_Consumption=0 mA
PCC.Seq0.Step1.Vcore=NoRange
PCC.Seq0.Step1.Vdd=3.0
PCC.Seq0.Step1.Voltage_Source=Battery
PCC.Series=STM32L1
PCC.Temperature=25
PCC.Vdd=3.0
ProjectManager.AskForMigrate=true
ProjectManager.BackupPrevious=true
ProjectManager.CompilerOptimize=2
ProjectManager.ComputerToolchain=false
ProjectManager.CoupleFile=true
ProjectManager.DeletePrevious=true
ProjectManager.DeviceId=STM32L151C8TxA
ProjectManager.FirmwarePackage=STM32Cube FW_L1 V1.4.0
ProjectManager.FreePins=true
ProjectManager.HalAssertFull=true
ProjectManager.HeapSize=0x400
ProjectManager.KeepUserCode=true
ProjectManager.LastFirmware=true
ProjectManager.LibraryCopy=1
ProjectManager.ProjectBuild=false
ProjectManager.ProjectFileName=LPRUN.ioc
ProjectManager.ProjectName=LPRUN
ProjectManager.StackSize=0x200
ProjectManager.TargetToolchain=MDK-ARM V5
ProjectManager.ToolChainLocation=
ProjectManager.functionlistsort=1-MX_GPIO_Init-GPIO-false,2-MX_USART1_UART_Init-USART1-false
RCC.AHBFreq_Value=2097000
RCC.APB1Freq_Value=2097000
RCC.APB1TimFreq_Value=2097000
RCC.APB2Freq_Value=2097000
RCC.APB2TimFreq_Value=2097000
RCC.FCLKCortexFreq_Value=2097000
RCC.FamilyName=M
RCC.HCLKFreq_Value=2097000
RCC.HSE_VALUE=8000000
RCC.HSI_VALUE=16000000
RCC.IPParameters=FamilyName,HSE_VALUE,RTCHSEDivFreq_Value,LSI_VALUE,RTCFreq_Value,MSI_VALUE,HSI_VALUE,SYSCLKFreq_VALUE,AHBFreq_Value,TIMFreq_Value,APB1Freq_Value,APB2Freq_Value,VCOOutputFreq_Value,PLLCLKFreq_Value,APB1TimFreq_Value,PWRFreq_Value,HCLKFreq_Value,TimerFreq_Value,FCLKCortexFreq_Value,APB2TimFreq_Value,MCOPinFreq_Value,USBOutput,VCOInputFreq_Value,PLLMUL,RTCClockSelectionVirtual,RTCClockSelection,LSE_VALUE
RCC.LSE_VALUE=32768
RCC.LSI_VALUE=37000
RCC.MCOPinFreq_Value=2097000
RCC.MSI_VALUE=2097000
RCC.PLLCLKFreq_Value=32000000
RCC.PLLMUL=RCC_PLL_MUL4
RCC.PWRFreq_Value=2097000
RCC.RTCClockSelection=RCC_RTCCLKSOURCE_LSI
RCC.RTCClockSelectionVirtual=RCC_RTCCLKSOURCE_LSI
RCC.RTCFreq_Value=37000
RCC.RTCHSEDivFreq_Value=4000000
RCC.SYSCLKFreq_VALUE=2097000
RCC.TIMFreq_Value=2097000
RCC.TimerFreq_Value=2097000
RCC.USBOutput=32000000
RCC.VCOInputFreq_Value=16000000
RCC.VCOOutputFreq_Value=64000000
SH.GPXTI0.0=GPIO_EXTI0
SH.GPXTI0.ConfNb=1
VP_SYS_VS_Systick.Mode=SysTick
VP_SYS_VS_Systick.Signal=SYS_VS_Systick
board=LPRUN
